{
  "name": "snapd",
  "version": "0.4.0",
  "dependencies": {
    "asea": {
      "version": "0.4.0",
      "from": "asea@latest",
      "resolved": "https://registry.npmjs.org/asea/-/asea-0.4.0.tgz",
      "dependencies": {
        "harden": {
          "version": "0.7.0",
          "from": "harden@latest",
          "resolved": "https://registry.npmjs.org/harden/-/harden-0.7.0.tgz"
        }
      }
    },
    "budge": {
      "version": "0.4.0",
      "from": "budge@latest",
      "resolved": "https://registry.npmjs.org/budge/-/budge-0.4.0.tgz",
      "dependencies": {
        "depher": {
          "version": "0.4.0",
          "from": "depher@*",
          "resolved": "https://registry.npmjs.org/depher/-/depher-0.4.0.tgz",
          "dependencies": {
            "dephall": {
              "version": "0.4.0",
              "from": "https://registry.npmjs.org/dephall/-/dephall-0.4.0.tgz",
              "resolved": "https://registry.npmjs.org/dephall/-/dephall-0.4.0.tgz",
              "dependencies": {
                "arid": {
                  "version": "0.3.0",
                  "from": "https://registry.npmjs.org/arid/-/arid-0.3.0.tgz",
                  "resolved": "https://registry.npmjs.org/arid/-/arid-0.3.0.tgz",
                  "dependencies": {
                    "truly": {
                      "version": "0.3.0",
                      "from": "https://registry.npmjs.org/truly/-/truly-0.3.0.tgz",
                      "resolved": "https://registry.npmjs.org/truly/-/truly-0.3.0.tgz",
                      "dependencies": {
                        "protype": {
                          "version": "0.4.0",
                          "from": "https://registry.npmjs.org/protype/-/protype-0.4.0.tgz",
                          "resolved": "https://registry.npmjs.org/protype/-/protype-0.4.0.tgz",
                          "dependencies": {
                            "cemento": {
                              "version": "0.3.0",
                              "from": "https://registry.npmjs.org/cemento/-/cemento-0.3.0.tgz",
                              "resolved": "https://registry.npmjs.org/cemento/-/cemento-0.3.0.tgz"
                            },
                            "harden": {
                              "version": "0.7.0",
                              "from": "https://registry.npmjs.org/harden/-/harden-0.7.0.tgz",
                              "resolved": "https://registry.npmjs.org/harden/-/harden-0.7.0.tgz"
                            }
                          }
                        }
                      }
                    }
                  }
                },
                "pyck": {
                  "version": "0.4.0",
                  "from": "https://registry.npmjs.org/pyck/-/pyck-0.4.0.tgz",
                  "resolved": "https://registry.npmjs.org/pyck/-/pyck-0.4.0.tgz",
                  "dependencies": {
                    "protype": {
                      "version": "0.4.0",
                      "from": "https://registry.npmjs.org/protype/-/protype-0.4.0.tgz",
                      "resolved": "https://registry.npmjs.org/protype/-/protype-0.4.0.tgz",
                      "dependencies": {
                        "cemento": {
                          "version": "0.3.0",
                          "from": "https://registry.npmjs.org/cemento/-/cemento-0.3.0.tgz",
                          "resolved": "https://registry.npmjs.org/cemento/-/cemento-0.3.0.tgz"
                        },
                        "harden": {
                          "version": "0.7.0",
                          "from": "https://registry.npmjs.org/harden/-/harden-0.7.0.tgz",
                          "resolved": "https://registry.npmjs.org/harden/-/harden-0.7.0.tgz"
                        }
                      }
                    },
                    "truu": {
                      "version": "0.3.0",
                      "from": "https://registry.npmjs.org/truu/-/truu-0.3.0.tgz",
                      "resolved": "https://registry.npmjs.org/truu/-/truu-0.3.0.tgz",
                      "dependencies": {
                        "filled": {
                          "version": "0.2.0",
                          "from": "https://registry.npmjs.org/filled/-/filled-0.2.0.tgz",
                          "resolved": "https://registry.npmjs.org/filled/-/filled-0.2.0.tgz"
                        },
                        "stuffed": {
                          "version": "0.1.0",
                          "from": "https://registry.npmjs.org/stuffed/-/stuffed-0.1.0.tgz",
                          "resolved": "https://registry.npmjs.org/stuffed/-/stuffed-0.1.0.tgz",
                          "dependencies": {
                            "kount": {
                              "version": "0.0.0",
                              "from": "https://registry.npmjs.org/kount/-/kount-0.0.0.tgz",
                              "resolved": "https://registry.npmjs.org/kount/-/kount-0.0.0.tgz"
                            }
                          }
                        },
                        "truly": {
                          "version": "0.3.0",
                          "from": "https://registry.npmjs.org/truly/-/truly-0.3.0.tgz",
                          "resolved": "https://registry.npmjs.org/truly/-/truly-0.3.0.tgz"
                        }
                      }
                    }
                  }
                }
              }
            },
            "falze": {
              "version": "0.2.0",
              "from": "https://registry.npmjs.org/falze/-/falze-0.2.0.tgz",
              "resolved": "https://registry.npmjs.org/falze/-/falze-0.2.0.tgz",
              "dependencies": {
                "arid": {
                  "version": "0.3.0",
                  "from": "https://registry.npmjs.org/arid/-/arid-0.3.0.tgz",
                  "resolved": "https://registry.npmjs.org/arid/-/arid-0.3.0.tgz",
                  "dependencies": {
                    "truly": {
                      "version": "0.3.0",
                      "from": "https://registry.npmjs.org/truly/-/truly-0.3.0.tgz",
                      "resolved": "https://registry.npmjs.org/truly/-/truly-0.3.0.tgz"
                    }
                  }
                },
                "empt": {
                  "version": "0.2.0",
                  "from": "https://registry.npmjs.org/empt/-/empt-0.2.0.tgz",
                  "resolved": "https://registry.npmjs.org/empt/-/empt-0.2.0.tgz",
                  "dependencies": {
                    "kount": {
                      "version": "0.0.0",
                      "from": "https://registry.npmjs.org/kount/-/kount-0.0.0.tgz",
                      "resolved": "https://registry.npmjs.org/kount/-/kount-0.0.0.tgz"
                    }
                  }
                },
                "protype": {
                  "version": "0.4.0",
                  "from": "https://registry.npmjs.org/protype/-/protype-0.4.0.tgz",
                  "resolved": "https://registry.npmjs.org/protype/-/protype-0.4.0.tgz",
                  "dependencies": {
                    "cemento": {
                      "version": "0.3.0",
                      "from": "https://registry.npmjs.org/cemento/-/cemento-0.3.0.tgz",
                      "resolved": "https://registry.npmjs.org/cemento/-/cemento-0.3.0.tgz"
                    },
                    "harden": {
                      "version": "0.7.0",
                      "from": "https://registry.npmjs.org/harden/-/harden-0.7.0.tgz",
                      "resolved": "https://registry.npmjs.org/harden/-/harden-0.7.0.tgz"
                    }
                  }
                }
              }
            },
            "falzy": {
              "version": "0.5.0",
              "from": "https://registry.npmjs.org/falzy/-/falzy-0.5.0.tgz",
              "resolved": "https://registry.npmjs.org/falzy/-/falzy-0.5.0.tgz",
              "dependencies": {
                "protype": {
                  "version": "0.4.0",
                  "from": "https://registry.npmjs.org/protype/-/protype-0.4.0.tgz",
                  "resolved": "https://registry.npmjs.org/protype/-/protype-0.4.0.tgz",
                  "dependencies": {
                    "cemento": {
                      "version": "0.3.0",
                      "from": "https://registry.npmjs.org/cemento/-/cemento-0.3.0.tgz",
                      "resolved": "https://registry.npmjs.org/cemento/-/cemento-0.3.0.tgz"
                    },
                    "harden": {
                      "version": "0.7.0",
                      "from": "https://registry.npmjs.org/harden/-/harden-0.7.0.tgz",
                      "resolved": "https://registry.npmjs.org/harden/-/harden-0.7.0.tgz"
                    }
                  }
                }
              }
            },
            "harden": {
              "version": "0.9.0",
              "from": "https://registry.npmjs.org/harden/-/harden-0.9.0.tgz",
              "resolved": "https://registry.npmjs.org/harden/-/harden-0.9.0.tgz",
              "dependencies": {
                "babel-runtime": {
                  "version": "6.20.0",
                  "from": "https://registry.npmjs.org/babel-runtime/-/babel-runtime-6.20.0.tgz",
                  "resolved": "https://registry.npmjs.org/babel-runtime/-/babel-runtime-6.20.0.tgz",
                  "dependencies": {
                    "regenerator-runtime": {
                      "version": "0.10.1",
                      "from": "https://registry.npmjs.org/regenerator-runtime/-/regenerator-runtime-0.10.1.tgz",
                      "resolved": "https://registry.npmjs.org/regenerator-runtime/-/regenerator-runtime-0.10.1.tgz"
                    }
                  }
                },
                "core-js": {
                  "version": "2.4.1",
                  "from": "https://registry.npmjs.org/core-js/-/core-js-2.4.1.tgz",
                  "resolved": "https://registry.npmjs.org/core-js/-/core-js-2.4.1.tgz"
                }
              }
            },
            "zelf": {
              "version": "0.3.0",
              "from": "https://registry.npmjs.org/zelf/-/zelf-0.3.0.tgz",
              "resolved": "https://registry.npmjs.org/zelf/-/zelf-0.3.0.tgz",
              "dependencies": {
                "asea": {
                  "version": "0.4.0",
                  "from": "https://registry.npmjs.org/asea/-/asea-0.4.0.tgz",
                  "resolved": "https://registry.npmjs.org/asea/-/asea-0.4.0.tgz",
                  "dependencies": {
                    "harden": {
                      "version": "0.7.0",
                      "from": "https://registry.npmjs.org/harden/-/harden-0.7.0.tgz",
                      "resolved": "https://registry.npmjs.org/harden/-/harden-0.7.0.tgz"
                    }
                  }
                }
              }
            }
          }
        },
        "doubt": {
          "version": "0.4.0",
          "from": "doubt@*",
          "resolved": "https://registry.npmjs.org/doubt/-/doubt-0.4.0.tgz",
          "dependencies": {
            "cemento": {
              "version": "0.3.0",
              "from": "https://registry.npmjs.org/cemento/-/cemento-0.3.0.tgz",
              "resolved": "https://registry.npmjs.org/cemento/-/cemento-0.3.0.tgz"
            },
            "harden": {
              "version": "0.7.0",
              "from": "https://registry.npmjs.org/harden/-/harden-0.7.0.tgz",
              "resolved": "https://registry.npmjs.org/harden/-/harden-0.7.0.tgz"
            },
            "protype": {
              "version": "0.4.0",
              "from": "https://registry.npmjs.org/protype/-/protype-0.4.0.tgz",
              "resolved": "https://registry.npmjs.org/protype/-/protype-0.4.0.tgz"
            }
          }
        },
        "raze": {
          "version": "0.5.0",
          "from": "raze@*",
          "resolved": "https://registry.npmjs.org/raze/-/raze-0.5.0.tgz",
          "dependencies": {
            "harden": {
              "version": "0.7.0",
              "from": "https://registry.npmjs.org/harden/-/harden-0.7.0.tgz",
              "resolved": "https://registry.npmjs.org/harden/-/harden-0.7.0.tgz"
            }
          }
        }
      }
    },
    "letgo": {
      "version": "0.4.0",
      "from": "letgo@latest",
      "resolved": "https://registry.npmjs.org/letgo/-/letgo-0.4.0.tgz",
      "dependencies": {
        "called": {
          "version": "0.4.0",
          "from": "called@latest",
          "resolved": "https://registry.npmjs.org/called/-/called-0.4.0.tgz",
          "dependencies": {
            "harden": {
              "version": "0.7.0",
              "from": "harden@latest",
              "resolved": "https://registry.npmjs.org/harden/-/harden-0.7.0.tgz"
            },
            "protype": {
              "version": "0.4.0",
              "from": "protype@latest",
              "resolved": "https://registry.npmjs.org/protype/-/protype-0.4.0.tgz",
              "dependencies": {
                "cemento": {
                  "version": "0.3.0",
                  "from": "cemento@latest",
                  "resolved": "https://registry.npmjs.org/cemento/-/cemento-0.3.0.tgz",
                  "dependencies": {
                    "harden": {
                      "version": "0.7.0",
                      "from": "harden@latest",
                      "resolved": "https://registry.npmjs.org/harden/-/harden-0.7.0.tgz"
                    }
                  }
                },
                "harden": {
                  "version": "0.7.0",
                  "from": "harden@latest",
                  "resolved": "https://registry.npmjs.org/harden/-/harden-0.7.0.tgz"
                }
              }
            },
            "raze": {
              "version": "0.5.0",
              "from": "raze@latest",
              "resolved": "https://registry.npmjs.org/raze/-/raze-0.5.0.tgz",
              "dependencies": {
                "doubt": {
                  "version": "0.4.0",
                  "from": "doubt@latest",
                  "resolved": "https://registry.npmjs.org/doubt/-/doubt-0.4.0.tgz",
                  "dependencies": {
                    "cemento": {
                      "version": "0.3.0",
                      "from": "cemento@latest",
                      "resolved": "https://registry.npmjs.org/cemento/-/cemento-0.3.0.tgz",
                      "dependencies": {
                        "harden": {
                          "version": "0.7.0",
                          "from": "harden@latest",
                          "resolved": "https://registry.npmjs.org/harden/-/harden-0.7.0.tgz"
                        }
                      }
                    },
                    "harden": {
                      "version": "0.7.0",
                      "from": "harden@latest",
                      "resolved": "https://registry.npmjs.org/harden/-/harden-0.7.0.tgz"
                    },
                    "protype": {
                      "version": "0.4.0",
                      "from": "protype@latest",
                      "resolved": "https://registry.npmjs.org/protype/-/protype-0.4.0.tgz",
                      "dependencies": {
                        "cemento": {
                          "version": "0.3.0",
                          "from": "cemento@latest",
                          "resolved": "https://registry.npmjs.org/cemento/-/cemento-0.3.0.tgz",
                          "dependencies": {
                            "harden": {
                              "version": "0.7.0",
                              "from": "harden@latest",
                              "resolved": "https://registry.npmjs.org/harden/-/harden-0.7.0.tgz"
                            }
                          }
                        },
                        "harden": {
                          "version": "0.7.0",
                          "from": "harden@latest",
                          "resolved": "https://registry.npmjs.org/harden/-/harden-0.7.0.tgz"
                        }
                      }
                    }
                  }
                },
                "harden": {
                  "version": "0.7.0",
                  "from": "harden@latest",
                  "resolved": "https://registry.npmjs.org/harden/-/harden-0.7.0.tgz"
                }
              }
            },
            "vound": {
              "version": "0.2.0",
              "from": "vound@latest",
              "resolved": "https://registry.npmjs.org/vound/-/vound-0.2.0.tgz",
              "dependencies": {
                "ate": {
                  "version": "0.3.0",
                  "from": "ate@latest",
                  "resolved": "https://registry.npmjs.org/ate/-/ate-0.3.0.tgz",
                  "dependencies": {
                    "falzy": {
                      "version": "0.5.0",
                      "from": "falzy@latest",
                      "resolved": "https://registry.npmjs.org/falzy/-/falzy-0.5.0.tgz",
                      "dependencies": {
                        "protype": {
                          "version": "0.4.0",
                          "from": "protype@latest",
                          "resolved": "https://registry.npmjs.org/protype/-/protype-0.4.0.tgz",
                          "dependencies": {
                            "cemento": {
                              "version": "0.3.0",
                              "from": "cemento@latest",
                              "resolved": "https://registry.npmjs.org/cemento/-/cemento-0.3.0.tgz",
                              "dependencies": {
                                "harden": {
                                  "version": "0.7.0",
                                  "from": "harden@latest",
                                  "resolved": "https://registry.npmjs.org/harden/-/harden-0.7.0.tgz"
                                }
                              }
                            },
                            "harden": {
                              "version": "0.7.0",
                              "from": "harden@latest",
                              "resolved": "https://registry.npmjs.org/harden/-/harden-0.7.0.tgz"
                            }
                          }
                        }
                      }
                    },
                    "protype": {
                      "version": "0.4.0",
                      "from": "protype@latest",
                      "resolved": "https://registry.npmjs.org/protype/-/protype-0.4.0.tgz",
                      "dependencies": {
                        "cemento": {
                          "version": "0.3.0",
                          "from": "cemento@latest",
                          "resolved": "https://registry.npmjs.org/cemento/-/cemento-0.3.0.tgz",
                          "dependencies": {
                            "harden": {
                              "version": "0.7.0",
                              "from": "harden@latest",
                              "resolved": "https://registry.npmjs.org/harden/-/harden-0.7.0.tgz"
                            }
                          }
                        },
                        "harden": {
                          "version": "0.7.0",
                          "from": "harden@latest",
                          "resolved": "https://registry.npmjs.org/harden/-/harden-0.7.0.tgz"
                        }
                      }
                    },
                    "zelf": {
                      "version": "0.3.0",
                      "from": "zelf@latest",
                      "resolved": "https://registry.npmjs.org/zelf/-/zelf-0.3.0.tgz",
                      "dependencies": {
                        "asea": {
                          "version": "0.4.0",
                          "from": "asea@latest",
                          "resolved": "https://registry.npmjs.org/asea/-/asea-0.4.0.tgz",
                          "dependencies": {
                            "harden": {
                              "version": "0.7.0",
                              "from": "harden@latest",
                              "resolved": "https://registry.npmjs.org/harden/-/harden-0.7.0.tgz"
                            }
                          }
                        }
                      }
                    }
                  }
                },
                "protype": {
                  "version": "0.4.0",
                  "from": "protype@latest",
                  "resolved": "https://registry.npmjs.org/protype/-/protype-0.4.0.tgz",
                  "dependencies": {
                    "cemento": {
                      "version": "0.3.0",
                      "from": "cemento@latest",
                      "resolved": "https://registry.npmjs.org/cemento/-/cemento-0.3.0.tgz",
                      "dependencies": {
                        "harden": {
                          "version": "0.7.0",
                          "from": "harden@latest",
                          "resolved": "https://registry.npmjs.org/harden/-/harden-0.7.0.tgz"
                        }
                      }
                    },
                    "harden": {
                      "version": "0.7.0",
                      "from": "harden@latest",
                      "resolved": "https://registry.npmjs.org/harden/-/harden-0.7.0.tgz"
                    }
                  }
                },
                "truly": {
                  "version": "0.3.0",
                  "from": "truly@latest",
                  "resolved": "https://registry.npmjs.org/truly/-/truly-0.3.0.tgz",
                  "dependencies": {
                    "protype": {
                      "version": "0.4.0",
                      "from": "protype@latest",
                      "resolved": "https://registry.npmjs.org/protype/-/protype-0.4.0.tgz",
                      "dependencies": {
                        "cemento": {
                          "version": "0.3.0",
                          "from": "cemento@latest",
                          "resolved": "https://registry.npmjs.org/cemento/-/cemento-0.3.0.tgz",
                          "dependencies": {
                            "harden": {
                              "version": "0.7.0",
                              "from": "harden@latest",
                              "resolved": "https://registry.npmjs.org/harden/-/harden-0.7.0.tgz"
                            }
                          }
                        },
                        "harden": {
                          "version": "0.7.0",
                          "from": "harden@latest",
                          "resolved": "https://registry.npmjs.org/harden/-/harden-0.7.0.tgz"
                        }
                      }
                    }
                  }
                },
                "zelf": {
                  "version": "0.3.0",
                  "from": "zelf@latest",
                  "resolved": "https://registry.npmjs.org/zelf/-/zelf-0.3.0.tgz",
                  "dependencies": {
                    "asea": {
                      "version": "0.4.0",
                      "from": "asea@latest",
                      "resolved": "https://registry.npmjs.org/asea/-/asea-0.4.0.tgz",
                      "dependencies": {
                        "harden": {
                          "version": "0.7.0",
                          "from": "harden@latest",
                          "resolved": "https://registry.npmjs.org/harden/-/harden-0.7.0.tgz"
                        }
                      }
                    }
                  }
                }
              }
            },
            "zelf": {
              "version": "0.3.0",
              "from": "zelf@latest",
              "resolved": "https://registry.npmjs.org/zelf/-/zelf-0.3.0.tgz",
              "dependencies": {
                "asea": {
                  "version": "0.4.0",
                  "from": "asea@latest",
                  "resolved": "https://registry.npmjs.org/asea/-/asea-0.4.0.tgz",
                  "dependencies": {
                    "harden": {
                      "version": "0.7.0",
                      "from": "harden@latest",
                      "resolved": "https://registry.npmjs.org/harden/-/harden-0.7.0.tgz"
                    }
                  }
                }
              }
            }
          }
        },
        "harden": {
          "version": "0.10.0",
          "from": "harden@latest",
          "resolved": "https://registry.npmjs.org/harden/-/harden-0.10.0.tgz",
          "dependencies": {
            "babel-runtime": {
              "version": "6.20.0",
              "from": "babel-runtime@>=6.20.0 <7.0.0",
              "resolved": "https://registry.npmjs.org/babel-runtime/-/babel-runtime-6.20.0.tgz"
            },
            "core-js": {
              "version": "2.4.1",
              "from": "core-js@>=2.4.0 <3.0.0",
              "resolved": "https://registry.npmjs.org/core-js/-/core-js-2.4.1.tgz"
            },
            "regenerator-runtime": {
              "version": "0.10.1",
              "from": "regenerator-runtime@>=0.10.0 <0.11.0",
              "resolved": "https://registry.npmjs.org/regenerator-runtime/-/regenerator-runtime-0.10.1.tgz"
            }
          }
        },
        "protype": {
          "version": "0.4.0",
          "from": "protype@latest",
          "resolved": "https://registry.npmjs.org/protype/-/protype-0.4.0.tgz",
          "dependencies": {
            "cemento": {
              "version": "0.3.0",
              "from": "cemento@latest",
              "resolved": "https://registry.npmjs.org/cemento/-/cemento-0.3.0.tgz",
              "dependencies": {
                "harden": {
                  "version": "0.7.0",
                  "from": "harden@latest",
                  "resolved": "https://registry.npmjs.org/harden/-/harden-0.7.0.tgz"
                }
              }
            },
            "harden": {
              "version": "0.7.0",
              "from": "harden@latest",
              "resolved": "https://registry.npmjs.org/harden/-/harden-0.7.0.tgz"
            }
          }
        },
        "truly": {
          "version": "0.3.0",
          "from": "truly@latest",
          "resolved": "https://registry.npmjs.org/truly/-/truly-0.3.0.tgz",
          "dependencies": {
            "protype": {
              "version": "0.4.0",
              "from": "protype@latest",
              "resolved": "https://registry.npmjs.org/protype/-/protype-0.4.0.tgz",
              "dependencies": {
                "cemento": {
                  "version": "0.3.0",
                  "from": "cemento@latest",
                  "resolved": "https://registry.npmjs.org/cemento/-/cemento-0.3.0.tgz",
                  "dependencies": {
                    "harden": {
                      "version": "0.7.0",
                      "from": "harden@latest",
                      "resolved": "https://registry.npmjs.org/harden/-/harden-0.7.0.tgz"
                    }
                  }
                },
                "harden": {
                  "version": "0.7.0",
                  "from": "harden@latest",
                  "resolved": "https://registry.npmjs.org/harden/-/harden-0.7.0.tgz"
                }
              }
            }
          }
        },
        "vound": {
          "version": "0.2.0",
          "from": "vound@latest",
          "resolved": "https://registry.npmjs.org/vound/-/vound-0.2.0.tgz",
          "dependencies": {
            "ate": {
              "version": "0.3.0",
              "from": "ate@latest",
              "resolved": "https://registry.npmjs.org/ate/-/ate-0.3.0.tgz",
              "dependencies": {
                "falzy": {
                  "version": "0.5.0",
                  "from": "falzy@latest",
                  "resolved": "https://registry.npmjs.org/falzy/-/falzy-0.5.0.tgz",
                  "dependencies": {
                    "protype": {
                      "version": "0.4.0",
                      "from": "protype@latest",
                      "resolved": "https://registry.npmjs.org/protype/-/protype-0.4.0.tgz",
                      "dependencies": {
                        "cemento": {
                          "version": "0.3.0",
                          "from": "cemento@latest",
                          "resolved": "https://registry.npmjs.org/cemento/-/cemento-0.3.0.tgz",
                          "dependencies": {
                            "harden": {
                              "version": "0.7.0",
                              "from": "harden@latest",
                              "resolved": "https://registry.npmjs.org/harden/-/harden-0.7.0.tgz"
                            }
                          }
                        },
                        "harden": {
                          "version": "0.7.0",
                          "from": "harden@latest",
                          "resolved": "https://registry.npmjs.org/harden/-/harden-0.7.0.tgz"
                        }
                      }
                    }
                  }
                },
                "protype": {
                  "version": "0.4.0",
                  "from": "protype@latest",
                  "resolved": "https://registry.npmjs.org/protype/-/protype-0.4.0.tgz",
                  "dependencies": {
                    "cemento": {
                      "version": "0.3.0",
                      "from": "cemento@latest",
                      "resolved": "https://registry.npmjs.org/cemento/-/cemento-0.3.0.tgz",
                      "dependencies": {
                        "harden": {
                          "version": "0.7.0",
                          "from": "harden@latest",
                          "resolved": "https://registry.npmjs.org/harden/-/harden-0.7.0.tgz"
                        }
                      }
                    },
                    "harden": {
                      "version": "0.7.0",
                      "from": "harden@latest",
                      "resolved": "https://registry.npmjs.org/harden/-/harden-0.7.0.tgz"
                    }
                  }
                },
                "zelf": {
                  "version": "0.3.0",
                  "from": "zelf@latest",
                  "resolved": "https://registry.npmjs.org/zelf/-/zelf-0.3.0.tgz",
                  "dependencies": {
                    "asea": {
                      "version": "0.4.0",
                      "from": "asea@latest",
                      "resolved": "https://registry.npmjs.org/asea/-/asea-0.4.0.tgz",
                      "dependencies": {
                        "harden": {
                          "version": "0.7.0",
                          "from": "harden@latest",
                          "resolved": "https://registry.npmjs.org/harden/-/harden-0.7.0.tgz"
                        }
                      }
                    }
                  }
                }
              }
            },
            "protype": {
              "version": "0.4.0",
              "from": "protype@latest",
              "resolved": "https://registry.npmjs.org/protype/-/protype-0.4.0.tgz",
              "dependencies": {
                "cemento": {
                  "version": "0.3.0",
                  "from": "cemento@latest",
                  "resolved": "https://registry.npmjs.org/cemento/-/cemento-0.3.0.tgz",
                  "dependencies": {
                    "harden": {
                      "version": "0.7.0",
                      "from": "harden@latest",
                      "resolved": "https://registry.npmjs.org/harden/-/harden-0.7.0.tgz"
                    }
                  }
                },
                "harden": {
                  "version": "0.7.0",
                  "from": "harden@latest",
                  "resolved": "https://registry.npmjs.org/harden/-/harden-0.7.0.tgz"
                }
              }
            },
            "truly": {
              "version": "0.3.0",
              "from": "truly@latest",
              "resolved": "https://registry.npmjs.org/truly/-/truly-0.3.0.tgz",
              "dependencies": {
                "protype": {
                  "version": "0.4.0",
                  "from": "protype@latest",
                  "resolved": "https://registry.npmjs.org/protype/-/protype-0.4.0.tgz",
                  "dependencies": {
                    "cemento": {
                      "version": "0.3.0",
                      "from": "cemento@latest",
                      "resolved": "https://registry.npmjs.org/cemento/-/cemento-0.3.0.tgz",
                      "dependencies": {
                        "harden": {
                          "version": "0.7.0",
                          "from": "harden@latest",
                          "resolved": "https://registry.npmjs.org/harden/-/harden-0.7.0.tgz"
                        }
                      }
                    },
                    "harden": {
                      "version": "0.7.0",
                      "from": "harden@latest",
                      "resolved": "https://registry.npmjs.org/harden/-/harden-0.7.0.tgz"
                    }
                  }
                }
              }
            },
            "zelf": {
              "version": "0.3.0",
              "from": "zelf@latest",
              "resolved": "https://registry.npmjs.org/zelf/-/zelf-0.3.0.tgz",
              "dependencies": {
                "asea": {
                  "version": "0.4.0",
                  "from": "asea@latest",
                  "resolved": "https://registry.npmjs.org/asea/-/asea-0.4.0.tgz",
                  "dependencies": {
                    "harden": {
                      "version": "0.7.0",
                      "from": "harden@latest",
                      "resolved": "https://registry.npmjs.org/harden/-/harden-0.7.0.tgz"
                    }
                  }
                }
              }
            }
          }
        },
        "zelf": {
          "version": "0.3.0",
          "from": "zelf@latest",
          "resolved": "https://registry.npmjs.org/zelf/-/zelf-0.3.0.tgz",
          "dependencies": {
            "asea": {
              "version": "0.4.0",
              "from": "asea@latest",
              "resolved": "https://registry.npmjs.org/asea/-/asea-0.4.0.tgz",
              "dependencies": {
                "harden": {
                  "version": "0.7.0",
                  "from": "harden@latest",
                  "resolved": "https://registry.npmjs.org/harden/-/harden-0.7.0.tgz"
                }
              }
            }
          }
        }
      }
    },
    "protype": {
      "version": "0.4.0",
      "from": "protype@latest",
      "resolved": "https://registry.npmjs.org/protype/-/protype-0.4.0.tgz",
      "dependencies": {
        "cemento": {
          "version": "0.3.0",
          "from": "cemento@latest",
          "resolved": "https://registry.npmjs.org/cemento/-/cemento-0.3.0.tgz",
          "dependencies": {
            "harden": {
              "version": "0.7.0",
              "from": "harden@latest",
              "resolved": "https://registry.npmjs.org/harden/-/harden-0.7.0.tgz"
            }
          }
        },
        "harden": {
          "version": "0.7.0",
          "from": "harden@latest",
          "resolved": "https://registry.npmjs.org/harden/-/harden-0.7.0.tgz"
        }
      }
    },
    "zelf": {
      "version": "0.3.0",
      "from": "zelf@latest",
      "resolved": "https://registry.npmjs.org/zelf/-/zelf-0.3.0.tgz",
      "dependencies": {
        "asea": {
          "version": "0.4.0",
          "from": "asea@latest",
          "resolved": "https://registry.npmjs.org/asea/-/asea-0.4.0.tgz",
          "dependencies": {
            "harden": {
              "version": "0.7.0",
              "from": "harden@latest",
              "resolved": "https://registry.npmjs.org/harden/-/harden-0.7.0.tgz"
            }
          }
        }
      }
    }
  }
}
